// !$*UTF8*$!
{
	archiveVersion = 1;
	classes = {
	};
	objectVersion = 56;
	objects = {

/* Begin PBXBuildFile section */
		811DC8182C5F036A00C1B01E /* SideMenuView.swift in Sources */ = {isa = PBXBuildFile; fileRef = 811DC8162C5F036A00C1B01E /* SideMenuView.swift */; };
		811DC8192C5F036A00C1B01E /* SideMenuView.swift in Sources */ = {isa = PBXBuildFile; fileRef = 811DC8162C5F036A00C1B01E /* SideMenuView.swift */; };
		811DC81F2C5FEDD100C1B01E /* Media.xcassets in Resources */ = {isa = PBXBuildFile; fileRef = 811DC81E2C5FEDD100C1B01E /* Media.xcassets */; };
		811DC8202C5FEDD100C1B01E /* Media.xcassets in Resources */ = {isa = PBXBuildFile; fileRef = 811DC81E2C5FEDD100C1B01E /* Media.xcassets */; };
		811DC8212C5FEDD100C1B01E /* Media.xcassets in Resources */ = {isa = PBXBuildFile; fileRef = 811DC81E2C5FEDD100C1B01E /* Media.xcassets */; };
		811DC8222C5FF59A00C1B01E /* SideMenuView.swift in Sources */ = {isa = PBXBuildFile; fileRef = 811DC8162C5F036A00C1B01E /* SideMenuView.swift */; };
		811DC8382C60259D00C1B01E /* SettingsView.swift in Sources */ = {isa = PBXBuildFile; fileRef = 811DC8372C60259D00C1B01E /* SettingsView.swift */; };
		811DC8392C60259D00C1B01E /* SettingsView.swift in Sources */ = {isa = PBXBuildFile; fileRef = 811DC8372C60259D00C1B01E /* SettingsView.swift */; };
		811DC83A2C60259D00C1B01E /* SettingsView.swift in Sources */ = {isa = PBXBuildFile; fileRef = 811DC8372C60259D00C1B01E /* SettingsView.swift */; };
		811DC83C2C6025F400C1B01E /* ThemeListView.swift in Sources */ = {isa = PBXBuildFile; fileRef = 811DC83B2C6025F400C1B01E /* ThemeListView.swift */; };
		811DC83D2C6025F400C1B01E /* ThemeListView.swift in Sources */ = {isa = PBXBuildFile; fileRef = 811DC83B2C6025F400C1B01E /* ThemeListView.swift */; };
		811DC83E2C6025F400C1B01E /* ThemeListView.swift in Sources */ = {isa = PBXBuildFile; fileRef = 811DC83B2C6025F400C1B01E /* ThemeListView.swift */; };
		811DC85A2C613C3100C1B01E /* AppTheme.swift in Sources */ = {isa = PBXBuildFile; fileRef = 811DC8592C613C3100C1B01E /* AppTheme.swift */; };
		811DC85B2C613C3100C1B01E /* AppTheme.swift in Sources */ = {isa = PBXBuildFile; fileRef = 811DC8592C613C3100C1B01E /* AppTheme.swift */; };
		811DC85C2C613C3100C1B01E /* AppTheme.swift in Sources */ = {isa = PBXBuildFile; fileRef = 811DC8592C613C3100C1B01E /* AppTheme.swift */; };
		811DC85E2C613C7800C1B01E /* ThemeManager.swift in Sources */ = {isa = PBXBuildFile; fileRef = 811DC85D2C613C7700C1B01E /* ThemeManager.swift */; };
		811DC85F2C613C7800C1B01E /* ThemeManager.swift in Sources */ = {isa = PBXBuildFile; fileRef = 811DC85D2C613C7700C1B01E /* ThemeManager.swift */; };
		811DC8602C613C7800C1B01E /* ThemeManager.swift in Sources */ = {isa = PBXBuildFile; fileRef = 811DC85D2C613C7700C1B01E /* ThemeManager.swift */; };
		811DC8622C61553200C1B01E /* UIApplication+Extensions.swift in Sources */ = {isa = PBXBuildFile; fileRef = 811DC8612C61553200C1B01E /* UIApplication+Extensions.swift */; };
		811DC8632C61553200C1B01E /* UIApplication+Extensions.swift in Sources */ = {isa = PBXBuildFile; fileRef = 811DC8612C61553200C1B01E /* UIApplication+Extensions.swift */; };
		811DC8642C61553200C1B01E /* UIApplication+Extensions.swift in Sources */ = {isa = PBXBuildFile; fileRef = 811DC8612C61553200C1B01E /* UIApplication+Extensions.swift */; };
		8180EE0A2C8324CE002976A1 /* ViewExtensions.swift in Sources */ = {isa = PBXBuildFile; fileRef = 8180EE092C8324CE002976A1 /* ViewExtensions.swift */; };
		8180EE0B2C8324CE002976A1 /* ViewExtensions.swift in Sources */ = {isa = PBXBuildFile; fileRef = 8180EE092C8324CE002976A1 /* ViewExtensions.swift */; };
		8180EE0C2C8324CE002976A1 /* ViewExtensions.swift in Sources */ = {isa = PBXBuildFile; fileRef = 8180EE092C8324CE002976A1 /* ViewExtensions.swift */; };
		81B94D042C5D184D009D2ED5 /* SetupFormView.swift in Sources */ = {isa = PBXBuildFile; fileRef = 81B94D032C5D184D009D2ED5 /* SetupFormView.swift */; };
		81B94D052C5D184D009D2ED5 /* SetupFormView.swift in Sources */ = {isa = PBXBuildFile; fileRef = 81B94D032C5D184D009D2ED5 /* SetupFormView.swift */; };
		81B94D062C5D184D009D2ED5 /* SetupFormView.swift in Sources */ = {isa = PBXBuildFile; fileRef = 81B94D032C5D184D009D2ED5 /* SetupFormView.swift */; };
		81B94D082C5D40FF009D2ED5 /* HomeListView.swift in Sources */ = {isa = PBXBuildFile; fileRef = 81B94D072C5D40FF009D2ED5 /* HomeListView.swift */; };
		81B94D092C5D40FF009D2ED5 /* HomeListView.swift in Sources */ = {isa = PBXBuildFile; fileRef = 81B94D072C5D40FF009D2ED5 /* HomeListView.swift */; };
		81B94D0A2C5D40FF009D2ED5 /* HomeListView.swift in Sources */ = {isa = PBXBuildFile; fileRef = 81B94D072C5D40FF009D2ED5 /* HomeListView.swift */; };
		81B94D102C5D6A68009D2ED5 /* NoteStore.swift in Sources */ = {isa = PBXBuildFile; fileRef = 81B94D0F2C5D6A68009D2ED5 /* NoteStore.swift */; };
		81B94D112C5D6A68009D2ED5 /* NoteStore.swift in Sources */ = {isa = PBXBuildFile; fileRef = 81B94D0F2C5D6A68009D2ED5 /* NoteStore.swift */; };
		81B94D122C5D6A68009D2ED5 /* NoteStore.swift in Sources */ = {isa = PBXBuildFile; fileRef = 81B94D0F2C5D6A68009D2ED5 /* NoteStore.swift */; };
		81B94D202C5D8FA2009D2ED5 /* NoteCardView.swift in Sources */ = {isa = PBXBuildFile; fileRef = 81B94D1F2C5D8FA2009D2ED5 /* NoteCardView.swift */; };
		81B94D212C5D8FA2009D2ED5 /* NoteCardView.swift in Sources */ = {isa = PBXBuildFile; fileRef = 81B94D1F2C5D8FA2009D2ED5 /* NoteCardView.swift */; };
		81B94D222C5D8FA2009D2ED5 /* NoteCardView.swift in Sources */ = {isa = PBXBuildFile; fileRef = 81B94D1F2C5D8FA2009D2ED5 /* NoteCardView.swift */; };
		81D3408B2C63E3B900D72253 /* IconPickerView.swift in Sources */ = {isa = PBXBuildFile; fileRef = 81D3408A2C63E3B900D72253 /* IconPickerView.swift */; };
		81D3408C2C63E3B900D72253 /* IconPickerView.swift in Sources */ = {isa = PBXBuildFile; fileRef = 81D3408A2C63E3B900D72253 /* IconPickerView.swift */; };
		81D3408D2C63E3B900D72253 /* IconPickerView.swift in Sources */ = {isa = PBXBuildFile; fileRef = 81D3408A2C63E3B900D72253 /* IconPickerView.swift */; };
		81D3408F2C63FFDD00D72253 /* CalendarMenuView.swift in Sources */ = {isa = PBXBuildFile; fileRef = 81D3408E2C63FFDD00D72253 /* CalendarMenuView.swift */; };
		81D340902C63FFDD00D72253 /* CalendarMenuView.swift in Sources */ = {isa = PBXBuildFile; fileRef = 81D3408E2C63FFDD00D72253 /* CalendarMenuView.swift */; };
		81D340912C63FFDD00D72253 /* CalendarMenuView.swift in Sources */ = {isa = PBXBuildFile; fileRef = 81D3408E2C63FFDD00D72253 /* CalendarMenuView.swift */; };
		81D340952C64023300D72253 /* EventKitUI.framework in Frameworks */ = {isa = PBXBuildFile; fileRef = 81D340932C64023300D72253 /* EventKitUI.framework */; };
		81D340962C64023300D72253 /* EventKit.framework in Frameworks */ = {isa = PBXBuildFile; fileRef = 81D340942C64023300D72253 /* EventKit.framework */; };
		81D340982C64027800D72253 /* CalendarViewModel.swift in Sources */ = {isa = PBXBuildFile; fileRef = 81D340972C64027800D72253 /* CalendarViewModel.swift */; };
		81D340992C64027800D72253 /* CalendarViewModel.swift in Sources */ = {isa = PBXBuildFile; fileRef = 81D340972C64027800D72253 /* CalendarViewModel.swift */; };
		81D3409A2C64027800D72253 /* CalendarViewModel.swift in Sources */ = {isa = PBXBuildFile; fileRef = 81D340972C64027800D72253 /* CalendarViewModel.swift */; };
		81D340A12C643C9700D72253 /* CalendarGridView.swift in Sources */ = {isa = PBXBuildFile; fileRef = 81D340A02C643C9700D72253 /* CalendarGridView.swift */; };
		81D340A22C643C9800D72253 /* CalendarGridView.swift in Sources */ = {isa = PBXBuildFile; fileRef = 81D340A02C643C9700D72253 /* CalendarGridView.swift */; };
		81D340A32C643C9800D72253 /* CalendarGridView.swift in Sources */ = {isa = PBXBuildFile; fileRef = 81D340A02C643C9700D72253 /* CalendarGridView.swift */; };
		81F10BCD2C5BE7020030631B /* MeetingAppApp.swift in Sources */ = {isa = PBXBuildFile; fileRef = 81F10BCC2C5BE7020030631B /* MeetingAppApp.swift */; };
		81F10BD42C5BE7040030631B /* Preview Assets.xcassets in Resources */ = {isa = PBXBuildFile; fileRef = 81F10BD32C5BE7040030631B /* Preview Assets.xcassets */; };
		81F10BDE2C5BE7040030631B /* MeetingAppTests.swift in Sources */ = {isa = PBXBuildFile; fileRef = 81F10BDD2C5BE7040030631B /* MeetingAppTests.swift */; };
		81F10BE82C5BE7040030631B /* MeetingAppUITests.swift in Sources */ = {isa = PBXBuildFile; fileRef = 81F10BE72C5BE7040030631B /* MeetingAppUITests.swift */; };
		81F10BEA2C5BE7040030631B /* MeetingAppUITestsLaunchTests.swift in Sources */ = {isa = PBXBuildFile; fileRef = 81F10BE92C5BE7040030631B /* MeetingAppUITestsLaunchTests.swift */; };
		81F10BF72C5C5A210030631B /* Launch Screen.storyboard in Resources */ = {isa = PBXBuildFile; fileRef = 81F10BF62C5C5A210030631B /* Launch Screen.storyboard */; };
		81F10BF92C5C5A9D0030631B /* SplashView.swift in Sources */ = {isa = PBXBuildFile; fileRef = 81F10BF82C5C5A9D0030631B /* SplashView.swift */; };
		81F10BFB2C5C9B230030631B /* SetupView.swift in Sources */ = {isa = PBXBuildFile; fileRef = 81F10BFA2C5C9B230030631B /* SetupView.swift */; };
/* End PBXBuildFile section */

/* Begin PBXContainerItemProxy section */
		81F10BDA2C5BE7040030631B /* PBXContainerItemProxy */ = {
			isa = PBXContainerItemProxy;
			containerPortal = 81F10BC12C5BE7020030631B /* Project object */;
			proxyType = 1;
			remoteGlobalIDString = 81F10BC82C5BE7020030631B;
			remoteInfo = MeetingApp;
		};
		81F10BE42C5BE7040030631B /* PBXContainerItemProxy */ = {
			isa = PBXContainerItemProxy;
			containerPortal = 81F10BC12C5BE7020030631B /* Project object */;
			proxyType = 1;
			remoteGlobalIDString = 81F10BC82C5BE7020030631B;
			remoteInfo = MeetingApp;
		};
/* End PBXContainerItemProxy section */

/* Begin PBXFileReference section */
		811DC8162C5F036A00C1B01E /* SideMenuView.swift */ = {isa = PBXFileReference; lastKnownFileType = sourcecode.swift; path = SideMenuView.swift; sourceTree = "<group>"; };
		811DC81E2C5FEDD100C1B01E /* Media.xcassets */ = {isa = PBXFileReference; lastKnownFileType = folder.assetcatalog; path = Media.xcassets; sourceTree = "<group>"; };
		811DC8372C60259D00C1B01E /* SettingsView.swift */ = {isa = PBXFileReference; lastKnownFileType = sourcecode.swift; path = SettingsView.swift; sourceTree = "<group>"; };
		811DC83B2C6025F400C1B01E /* ThemeListView.swift */ = {isa = PBXFileReference; lastKnownFileType = sourcecode.swift; path = ThemeListView.swift; sourceTree = "<group>"; };
		811DC8592C613C3100C1B01E /* AppTheme.swift */ = {isa = PBXFileReference; lastKnownFileType = sourcecode.swift; path = AppTheme.swift; sourceTree = "<group>"; };
		811DC85D2C613C7700C1B01E /* ThemeManager.swift */ = {isa = PBXFileReference; lastKnownFileType = sourcecode.swift; path = ThemeManager.swift; sourceTree = "<group>"; };
		811DC8612C61553200C1B01E /* UIApplication+Extensions.swift */ = {isa = PBXFileReference; lastKnownFileType = sourcecode.swift; path = "UIApplication+Extensions.swift"; sourceTree = "<group>"; };
		8180EE092C8324CE002976A1 /* ViewExtensions.swift */ = {isa = PBXFileReference; lastKnownFileType = sourcecode.swift; path = ViewExtensions.swift; sourceTree = "<group>"; };
		81B94D032C5D184D009D2ED5 /* SetupFormView.swift */ = {isa = PBXFileReference; lastKnownFileType = sourcecode.swift; path = SetupFormView.swift; sourceTree = "<group>"; };
		81B94D072C5D40FF009D2ED5 /* HomeListView.swift */ = {isa = PBXFileReference; lastKnownFileType = sourcecode.swift; path = HomeListView.swift; sourceTree = "<group>"; };
		81B94D0F2C5D6A68009D2ED5 /* NoteStore.swift */ = {isa = PBXFileReference; lastKnownFileType = sourcecode.swift; path = NoteStore.swift; sourceTree = "<group>"; };
		81B94D1F2C5D8FA2009D2ED5 /* NoteCardView.swift */ = {isa = PBXFileReference; lastKnownFileType = sourcecode.swift; path = NoteCardView.swift; sourceTree = "<group>"; };
		81D3408A2C63E3B900D72253 /* IconPickerView.swift */ = {isa = PBXFileReference; lastKnownFileType = sourcecode.swift; path = IconPickerView.swift; sourceTree = "<group>"; };
		81D3408E2C63FFDD00D72253 /* CalendarMenuView.swift */ = {isa = PBXFileReference; lastKnownFileType = sourcecode.swift; path = CalendarMenuView.swift; sourceTree = "<group>"; };
		81D340932C64023300D72253 /* EventKitUI.framework */ = {isa = PBXFileReference; lastKnownFileType = wrapper.framework; name = EventKitUI.framework; path = System/Library/Frameworks/EventKitUI.framework; sourceTree = SDKROOT; };
		81D340942C64023300D72253 /* EventKit.framework */ = {isa = PBXFileReference; lastKnownFileType = wrapper.framework; name = EventKit.framework; path = System/Library/Frameworks/EventKit.framework; sourceTree = SDKROOT; };
		81D340972C64027800D72253 /* CalendarViewModel.swift */ = {isa = PBXFileReference; lastKnownFileType = sourcecode.swift; path = CalendarViewModel.swift; sourceTree = "<group>"; };
		81D3409F2C641AF100D72253 /* Info.plist */ = {isa = PBXFileReference; lastKnownFileType = text.plist; path = Info.plist; sourceTree = "<group>"; };
		81D340A02C643C9700D72253 /* CalendarGridView.swift */ = {isa = PBXFileReference; lastKnownFileType = sourcecode.swift; path = CalendarGridView.swift; sourceTree = "<group>"; };
		81F10BC92C5BE7020030631B /* MeetingApp.app */ = {isa = PBXFileReference; explicitFileType = wrapper.application; includeInIndex = 0; path = MeetingApp.app; sourceTree = BUILT_PRODUCTS_DIR; };
		81F10BCC2C5BE7020030631B /* MeetingAppApp.swift */ = {isa = PBXFileReference; lastKnownFileType = sourcecode.swift; path = MeetingAppApp.swift; sourceTree = "<group>"; };
		81F10BD32C5BE7040030631B /* Preview Assets.xcassets */ = {isa = PBXFileReference; lastKnownFileType = folder.assetcatalog; path = "Preview Assets.xcassets"; sourceTree = "<group>"; };
		81F10BD92C5BE7040030631B /* MeetingAppTests.xctest */ = {isa = PBXFileReference; explicitFileType = wrapper.cfbundle; includeInIndex = 0; path = MeetingAppTests.xctest; sourceTree = BUILT_PRODUCTS_DIR; };
		81F10BDD2C5BE7040030631B /* MeetingAppTests.swift */ = {isa = PBXFileReference; lastKnownFileType = sourcecode.swift; path = MeetingAppTests.swift; sourceTree = "<group>"; };
		81F10BE32C5BE7040030631B /* MeetingAppUITests.xctest */ = {isa = PBXFileReference; explicitFileType = wrapper.cfbundle; includeInIndex = 0; path = MeetingAppUITests.xctest; sourceTree = BUILT_PRODUCTS_DIR; };
		81F10BE72C5BE7040030631B /* MeetingAppUITests.swift */ = {isa = PBXFileReference; lastKnownFileType = sourcecode.swift; path = MeetingAppUITests.swift; sourceTree = "<group>"; };
		81F10BE92C5BE7040030631B /* MeetingAppUITestsLaunchTests.swift */ = {isa = PBXFileReference; lastKnownFileType = sourcecode.swift; path = MeetingAppUITestsLaunchTests.swift; sourceTree = "<group>"; };
		81F10BF62C5C5A210030631B /* Launch Screen.storyboard */ = {isa = PBXFileReference; lastKnownFileType = file.storyboard; path = "Launch Screen.storyboard"; sourceTree = "<group>"; };
		81F10BF82C5C5A9D0030631B /* SplashView.swift */ = {isa = PBXFileReference; lastKnownFileType = sourcecode.swift; path = SplashView.swift; sourceTree = "<group>"; };
		81F10BFA2C5C9B230030631B /* SetupView.swift */ = {isa = PBXFileReference; lastKnownFileType = sourcecode.swift; path = SetupView.swift; sourceTree = "<group>"; };
/* End PBXFileReference section */

/* Begin PBXFrameworksBuildPhase section */
		81F10BC62C5BE7020030631B /* Frameworks */ = {
			isa = PBXFrameworksBuildPhase;
			buildActionMask = 2147483647;
			files = (
				81D340962C64023300D72253 /* EventKit.framework in Frameworks */,
				81D340952C64023300D72253 /* EventKitUI.framework in Frameworks */,
			);
			runOnlyForDeploymentPostprocessing = 0;
		};
		81F10BD62C5BE7040030631B /* Frameworks */ = {
			isa = PBXFrameworksBuildPhase;
			buildActionMask = 2147483647;
			files = (
			);
			runOnlyForDeploymentPostprocessing = 0;
		};
		81F10BE02C5BE7040030631B /* Frameworks */ = {
			isa = PBXFrameworksBuildPhase;
			buildActionMask = 2147483647;
			files = (
			);
			runOnlyForDeploymentPostprocessing = 0;
		};
/* End PBXFrameworksBuildPhase section */

/* Begin PBXGroup section */
		81D340922C64023200D72253 /* Frameworks */ = {
			isa = PBXGroup;
			children = (
				81D340942C64023300D72253 /* EventKit.framework */,
				81D340932C64023300D72253 /* EventKitUI.framework */,
			);
			name = Frameworks;
			sourceTree = "<group>";
		};
		81F10BC02C5BE7020030631B = {
			isa = PBXGroup;
			children = (
				811DC81E2C5FEDD100C1B01E /* Media.xcassets */,
				81F10BCB2C5BE7020030631B /* MeetingApp */,
				81F10BDC2C5BE7040030631B /* MeetingAppTests */,
				81F10BE62C5BE7040030631B /* MeetingAppUITests */,
				81F10BCA2C5BE7020030631B /* Products */,
				81D340922C64023200D72253 /* Frameworks */,
			);
			sourceTree = "<group>";
		};
		81F10BCA2C5BE7020030631B /* Products */ = {
			isa = PBXGroup;
			children = (
				81F10BC92C5BE7020030631B /* MeetingApp.app */,
				81F10BD92C5BE7040030631B /* MeetingAppTests.xctest */,
				81F10BE32C5BE7040030631B /* MeetingAppUITests.xctest */,
			);
			name = Products;
			sourceTree = "<group>";
		};
		81F10BCB2C5BE7020030631B /* MeetingApp */ = {
			isa = PBXGroup;
			children = (
				81D3409F2C641AF100D72253 /* Info.plist */,
				811DC8162C5F036A00C1B01E /* SideMenuView.swift */,
				811DC8612C61553200C1B01E /* UIApplication+Extensions.swift */,
				81F10BCC2C5BE7020030631B /* MeetingAppApp.swift */,
				8180EE092C8324CE002976A1 /* ViewExtensions.swift */,
				81D340972C64027800D72253 /* CalendarViewModel.swift */,
				81F10BFA2C5C9B230030631B /* SetupView.swift */,
				81B94D032C5D184D009D2ED5 /* SetupFormView.swift */,
				811DC85D2C613C7700C1B01E /* ThemeManager.swift */,
				81D3408A2C63E3B900D72253 /* IconPickerView.swift */,
				81F10BF82C5C5A9D0030631B /* SplashView.swift */,
				81B94D072C5D40FF009D2ED5 /* HomeListView.swift */,
				811DC8372C60259D00C1B01E /* SettingsView.swift */,
				811DC83B2C6025F400C1B01E /* ThemeListView.swift */,
				811DC8592C613C3100C1B01E /* AppTheme.swift */,
				81B94D0F2C5D6A68009D2ED5 /* NoteStore.swift */,
				81D3408E2C63FFDD00D72253 /* CalendarMenuView.swift */,
				81D340A02C643C9700D72253 /* CalendarGridView.swift */,
				81B94D1F2C5D8FA2009D2ED5 /* NoteCardView.swift */,
				81F10BF62C5C5A210030631B /* Launch Screen.storyboard */,
				81F10BD22C5BE7040030631B /* Preview Content */,
			);
			path = MeetingApp;
			sourceTree = "<group>";
		};
		81F10BD22C5BE7040030631B /* Preview Content */ = {
			isa = PBXGroup;
			children = (
				81F10BD32C5BE7040030631B /* Preview Assets.xcassets */,
			);
			path = "Preview Content";
			sourceTree = "<group>";
		};
		81F10BDC2C5BE7040030631B /* MeetingAppTests */ = {
			isa = PBXGroup;
			children = (
				81F10BDD2C5BE7040030631B /* MeetingAppTests.swift */,
			);
			path = MeetingAppTests;
			sourceTree = "<group>";
		};
		81F10BE62C5BE7040030631B /* MeetingAppUITests */ = {
			isa = PBXGroup;
			children = (
				81F10BE72C5BE7040030631B /* MeetingAppUITests.swift */,
				81F10BE92C5BE7040030631B /* MeetingAppUITestsLaunchTests.swift */,
			);
			path = MeetingAppUITests;
			sourceTree = "<group>";
		};
/* End PBXGroup section */

/* Begin PBXNativeTarget section */
		81F10BC82C5BE7020030631B /* MeetingApp */ = {
			isa = PBXNativeTarget;
			buildConfigurationList = 81F10BED2C5BE7040030631B /* Build configuration list for PBXNativeTarget "MeetingApp" */;
			buildPhases = (
				81F10BC52C5BE7020030631B /* Sources */,
				81F10BC62C5BE7020030631B /* Frameworks */,
				81F10BC72C5BE7020030631B /* Resources */,
			);
			buildRules = (
			);
			dependencies = (
			);
			name = MeetingApp;
			productName = MeetingApp;
			productReference = 81F10BC92C5BE7020030631B /* MeetingApp.app */;
			productType = "com.apple.product-type.application";
		};
		81F10BD82C5BE7040030631B /* MeetingAppTests */ = {
			isa = PBXNativeTarget;
			buildConfigurationList = 81F10BF02C5BE7040030631B /* Build configuration list for PBXNativeTarget "MeetingAppTests" */;
			buildPhases = (
				81F10BD52C5BE7040030631B /* Sources */,
				81F10BD62C5BE7040030631B /* Frameworks */,
				81F10BD72C5BE7040030631B /* Resources */,
			);
			buildRules = (
			);
			dependencies = (
				81F10BDB2C5BE7040030631B /* PBXTargetDependency */,
			);
			name = MeetingAppTests;
			productName = MeetingAppTests;
			productReference = 81F10BD92C5BE7040030631B /* MeetingAppTests.xctest */;
			productType = "com.apple.product-type.bundle.unit-test";
		};
		81F10BE22C5BE7040030631B /* MeetingAppUITests */ = {
			isa = PBXNativeTarget;
			buildConfigurationList = 81F10BF32C5BE7040030631B /* Build configuration list for PBXNativeTarget "MeetingAppUITests" */;
			buildPhases = (
				81F10BDF2C5BE7040030631B /* Sources */,
				81F10BE02C5BE7040030631B /* Frameworks */,
				81F10BE12C5BE7040030631B /* Resources */,
			);
			buildRules = (
			);
			dependencies = (
				81F10BE52C5BE7040030631B /* PBXTargetDependency */,
			);
			name = MeetingAppUITests;
			productName = MeetingAppUITests;
			productReference = 81F10BE32C5BE7040030631B /* MeetingAppUITests.xctest */;
			productType = "com.apple.product-type.bundle.ui-testing";
		};
/* End PBXNativeTarget section */

/* Begin PBXProject section */
		81F10BC12C5BE7020030631B /* Project object */ = {
			isa = PBXProject;
			attributes = {
				BuildIndependentTargetsInParallel = 1;
				LastSwiftUpdateCheck = 1540;
				LastUpgradeCheck = 1540;
				TargetAttributes = {
					81F10BC82C5BE7020030631B = {
						CreatedOnToolsVersion = 15.4;
					};
					81F10BD82C5BE7040030631B = {
						CreatedOnToolsVersion = 15.4;
						TestTargetID = 81F10BC82C5BE7020030631B;
					};
					81F10BE22C5BE7040030631B = {
						CreatedOnToolsVersion = 15.4;
						TestTargetID = 81F10BC82C5BE7020030631B;
					};
				};
			};
			buildConfigurationList = 81F10BC42C5BE7020030631B /* Build configuration list for PBXProject "MeetingApp" */;
			compatibilityVersion = "Xcode 14.0";
			developmentRegion = en;
			hasScannedForEncodings = 0;
			knownRegions = (
				en,
				Base,
			);
			mainGroup = 81F10BC02C5BE7020030631B;
			productRefGroup = 81F10BCA2C5BE7020030631B /* Products */;
			projectDirPath = "";
			projectRoot = "";
			targets = (
				81F10BC82C5BE7020030631B /* MeetingApp */,
				81F10BD82C5BE7040030631B /* MeetingAppTests */,
				81F10BE22C5BE7040030631B /* MeetingAppUITests */,
			);
		};
/* End PBXProject section */

/* Begin PBXResourcesBuildPhase section */
		81F10BC72C5BE7020030631B /* Resources */ = {
			isa = PBXResourcesBuildPhase;
			buildActionMask = 2147483647;
			files = (
				81F10BF72C5C5A210030631B /* Launch Screen.storyboard in Resources */,
				811DC81F2C5FEDD100C1B01E /* Media.xcassets in Resources */,
				81F10BD42C5BE7040030631B /* Preview Assets.xcassets in Resources */,
			);
			runOnlyForDeploymentPostprocessing = 0;
		};
		81F10BD72C5BE7040030631B /* Resources */ = {
			isa = PBXResourcesBuildPhase;
			buildActionMask = 2147483647;
			files = (
				811DC8202C5FEDD100C1B01E /* Media.xcassets in Resources */,
			);
			runOnlyForDeploymentPostprocessing = 0;
		};
		81F10BE12C5BE7040030631B /* Resources */ = {
			isa = PBXResourcesBuildPhase;
			buildActionMask = 2147483647;
			files = (
				811DC8212C5FEDD100C1B01E /* Media.xcassets in Resources */,
			);
			runOnlyForDeploymentPostprocessing = 0;
		};
/* End PBXResourcesBuildPhase section */

/* Begin PBXSourcesBuildPhase section */
		81F10BC52C5BE7020030631B /* Sources */ = {
			isa = PBXSourcesBuildPhase;
			buildActionMask = 2147483647;
			files = (
				811DC8622C61553200C1B01E /* UIApplication+Extensions.swift in Sources */,
				81F10BCD2C5BE7020030631B /* MeetingAppApp.swift in Sources */,
				81B94D042C5D184D009D2ED5 /* SetupFormView.swift in Sources */,
				81B94D102C5D6A68009D2ED5 /* NoteStore.swift in Sources */,
				8180EE0A2C8324CE002976A1 /* ViewExtensions.swift in Sources */,
				81D3408B2C63E3B900D72253 /* IconPickerView.swift in Sources */,
				811DC8222C5FF59A00C1B01E /* SideMenuView.swift in Sources */,
				81B94D082C5D40FF009D2ED5 /* HomeListView.swift in Sources */,
				811DC85E2C613C7800C1B01E /* ThemeManager.swift in Sources */,
				81D340982C64027800D72253 /* CalendarViewModel.swift in Sources */,
				81F10BFB2C5C9B230030631B /* SetupView.swift in Sources */,
				81F10BF92C5C5A9D0030631B /* SplashView.swift in Sources */,
				81D3408F2C63FFDD00D72253 /* CalendarMenuView.swift in Sources */,
				811DC8382C60259D00C1B01E /* SettingsView.swift in Sources */,
				81D340A12C643C9700D72253 /* CalendarGridView.swift in Sources */,
				811DC85A2C613C3100C1B01E /* AppTheme.swift in Sources */,
				811DC83C2C6025F400C1B01E /* ThemeListView.swift in Sources */,
				81B94D202C5D8FA2009D2ED5 /* NoteCardView.swift in Sources */,
			);
			runOnlyForDeploymentPostprocessing = 0;
		};
		81F10BD52C5BE7040030631B /* Sources */ = {
			isa = PBXSourcesBuildPhase;
			buildActionMask = 2147483647;
			files = (
				811DC8632C61553200C1B01E /* UIApplication+Extensions.swift in Sources */,
				81B94D212C5D8FA2009D2ED5 /* NoteCardView.swift in Sources */,
				811DC83D2C6025F400C1B01E /* ThemeListView.swift in Sources */,
				811DC8182C5F036A00C1B01E /* SideMenuView.swift in Sources */,
				811DC85B2C613C3100C1B01E /* AppTheme.swift in Sources */,
				81D3408C2C63E3B900D72253 /* IconPickerView.swift in Sources */,
				81D340992C64027800D72253 /* CalendarViewModel.swift in Sources */,
				811DC8392C60259D00C1B01E /* SettingsView.swift in Sources */,
				81D340A22C643C9800D72253 /* CalendarGridView.swift in Sources */,
				81B94D092C5D40FF009D2ED5 /* HomeListView.swift in Sources */,
				8180EE0B2C8324CE002976A1 /* ViewExtensions.swift in Sources */,
				81B94D112C5D6A68009D2ED5 /* NoteStore.swift in Sources */,
				811DC85F2C613C7800C1B01E /* ThemeManager.swift in Sources */,
				81B94D052C5D184D009D2ED5 /* SetupFormView.swift in Sources */,
				81D340902C63FFDD00D72253 /* CalendarMenuView.swift in Sources */,
				81F10BDE2C5BE7040030631B /* MeetingAppTests.swift in Sources */,
			);
			runOnlyForDeploymentPostprocessing = 0;
		};
		81F10BDF2C5BE7040030631B /* Sources */ = {
			isa = PBXSourcesBuildPhase;
			buildActionMask = 2147483647;
			files = (
				811DC83E2C6025F400C1B01E /* ThemeListView.swift in Sources */,
				81B94D062C5D184D009D2ED5 /* SetupFormView.swift in Sources */,
				811DC8642C61553200C1B01E /* UIApplication+Extensions.swift in Sources */,
				81B94D0A2C5D40FF009D2ED5 /* HomeListView.swift in Sources */,
				81F10BEA2C5BE7040030631B /* MeetingAppUITestsLaunchTests.swift in Sources */,
				81B94D222C5D8FA2009D2ED5 /* NoteCardView.swift in Sources */,
				811DC83A2C60259D00C1B01E /* SettingsView.swift in Sources */,
				81B94D122C5D6A68009D2ED5 /* NoteStore.swift in Sources */,
				811DC8192C5F036A00C1B01E /* SideMenuView.swift in Sources */,
				81D3409A2C64027800D72253 /* CalendarViewModel.swift in Sources */,
				81F10BE82C5BE7040030631B /* MeetingAppUITests.swift in Sources */,
				811DC85C2C613C3100C1B01E /* AppTheme.swift in Sources */,
				8180EE0C2C8324CE002976A1 /* ViewExtensions.swift in Sources */,
				81D340A32C643C9800D72253 /* CalendarGridView.swift in Sources */,
				81D340912C63FFDD00D72253 /* CalendarMenuView.swift in Sources */,
				811DC8602C613C7800C1B01E /* ThemeManager.swift in Sources */,
				81D3408D2C63E3B900D72253 /* IconPickerView.swift in Sources */,
			);
			runOnlyForDeploymentPostprocessing = 0;
		};
/* End PBXSourcesBuildPhase section */

/* Begin PBXTargetDependency section */
		81F10BDB2C5BE7040030631B /* PBXTargetDependency */ = {
			isa = PBXTargetDependency;
			target = 81F10BC82C5BE7020030631B /* MeetingApp */;
			targetProxy = 81F10BDA2C5BE7040030631B /* PBXContainerItemProxy */;
		};
		81F10BE52C5BE7040030631B /* PBXTargetDependency */ = {
			isa = PBXTargetDependency;
			target = 81F10BC82C5BE7020030631B /* MeetingApp */;
			targetProxy = 81F10BE42C5BE7040030631B /* PBXContainerItemProxy */;
		};
/* End PBXTargetDependency section */

/* Begin XCBuildConfiguration section */
		81F10BEB2C5BE7040030631B /* Debug */ = {
			isa = XCBuildConfiguration;
			buildSettings = {
				ALWAYS_SEARCH_USER_PATHS = NO;
				ASSETCATALOG_COMPILER_GENERATE_SWIFT_ASSET_SYMBOL_EXTENSIONS = YES;
				CLANG_ANALYZER_NONNULL = YES;
				CLANG_ANALYZER_NUMBER_OBJECT_CONVERSION = YES_AGGRESSIVE;
				CLANG_CXX_LANGUAGE_STANDARD = "gnu++20";
				CLANG_ENABLE_MODULES = YES;
				CLANG_ENABLE_OBJC_ARC = YES;
				CLANG_ENABLE_OBJC_WEAK = YES;
				CLANG_WARN_BLOCK_CAPTURE_AUTORELEASING = YES;
				CLANG_WARN_BOOL_CONVERSION = YES;
				CLANG_WARN_COMMA = YES;
				CLANG_WARN_CONSTANT_CONVERSION = YES;
				CLANG_WARN_DEPRECATED_OBJC_IMPLEMENTATIONS = YES;
				CLANG_WARN_DIRECT_OBJC_ISA_USAGE = YES_ERROR;
				CLANG_WARN_DOCUMENTATION_COMMENTS = YES;
				CLANG_WARN_EMPTY_BODY = YES;
				CLANG_WARN_ENUM_CONVERSION = YES;
				CLANG_WARN_INFINITE_RECURSION = YES;
				CLANG_WARN_INT_CONVERSION = YES;
				CLANG_WARN_NON_LITERAL_NULL_CONVERSION = YES;
				CLANG_WARN_OBJC_IMPLICIT_RETAIN_SELF = YES;
				CLANG_WARN_OBJC_LITERAL_CONVERSION = YES;
				CLANG_WARN_OBJC_ROOT_CLASS = YES_ERROR;
				CLANG_WARN_QUOTED_INCLUDE_IN_FRAMEWORK_HEADER = YES;
				CLANG_WARN_RANGE_LOOP_ANALYSIS = YES;
				CLANG_WARN_STRICT_PROTOTYPES = YES;
				CLANG_WARN_SUSPICIOUS_MOVE = YES;
				CLANG_WARN_UNGUARDED_AVAILABILITY = YES_AGGRESSIVE;
				CLANG_WARN_UNREACHABLE_CODE = YES;
				CLANG_WARN__DUPLICATE_METHOD_MATCH = YES;
				COPY_PHASE_STRIP = NO;
				DEBUG_INFORMATION_FORMAT = dwarf;
				ENABLE_STRICT_OBJC_MSGSEND = YES;
				ENABLE_TESTABILITY = YES;
				ENABLE_USER_SCRIPT_SANDBOXING = YES;
				GCC_C_LANGUAGE_STANDARD = gnu17;
				GCC_DYNAMIC_NO_PIC = NO;
				GCC_NO_COMMON_BLOCKS = YES;
				GCC_OPTIMIZATION_LEVEL = 0;
				GCC_PREPROCESSOR_DEFINITIONS = (
					"DEBUG=1",
					"$(inherited)",
				);
				GCC_WARN_64_TO_32_BIT_CONVERSION = YES;
				GCC_WARN_ABOUT_RETURN_TYPE = YES_ERROR;
				GCC_WARN_UNDECLARED_SELECTOR = YES;
				GCC_WARN_UNINITIALIZED_AUTOS = YES_AGGRESSIVE;
				GCC_WARN_UNUSED_FUNCTION = YES;
				GCC_WARN_UNUSED_VARIABLE = YES;
				IPHONEOS_DEPLOYMENT_TARGET = 16.0;
				LOCALIZATION_PREFERS_STRING_CATALOGS = YES;
				MTL_ENABLE_DEBUG_INFO = INCLUDE_SOURCE;
				MTL_FAST_MATH = YES;
				ONLY_ACTIVE_ARCH = YES;
				SDKROOT = iphoneos;
				SWIFT_ACTIVE_COMPILATION_CONDITIONS = "DEBUG $(inherited)";
				SWIFT_OPTIMIZATION_LEVEL = "-Onone";
			};
			name = Debug;
		};
		81F10BEC2C5BE7040030631B /* Release */ = {
			isa = XCBuildConfiguration;
			buildSettings = {
				ALWAYS_SEARCH_USER_PATHS = NO;
				ASSETCATALOG_COMPILER_GENERATE_SWIFT_ASSET_SYMBOL_EXTENSIONS = YES;
				CLANG_ANALYZER_NONNULL = YES;
				CLANG_ANALYZER_NUMBER_OBJECT_CONVERSION = YES_AGGRESSIVE;
				CLANG_CXX_LANGUAGE_STANDARD = "gnu++20";
				CLANG_ENABLE_MODULES = YES;
				CLANG_ENABLE_OBJC_ARC = YES;
				CLANG_ENABLE_OBJC_WEAK = YES;
				CLANG_WARN_BLOCK_CAPTURE_AUTORELEASING = YES;
				CLANG_WARN_BOOL_CONVERSION = YES;
				CLANG_WARN_COMMA = YES;
				CLANG_WARN_CONSTANT_CONVERSION = YES;
				CLANG_WARN_DEPRECATED_OBJC_IMPLEMENTATIONS = YES;
				CLANG_WARN_DIRECT_OBJC_ISA_USAGE = YES_ERROR;
				CLANG_WARN_DOCUMENTATION_COMMENTS = YES;
				CLANG_WARN_EMPTY_BODY = YES;
				CLANG_WARN_ENUM_CONVERSION = YES;
				CLANG_WARN_INFINITE_RECURSION = YES;
				CLANG_WARN_INT_CONVERSION = YES;
				CLANG_WARN_NON_LITERAL_NULL_CONVERSION = YES;
				CLANG_WARN_OBJC_IMPLICIT_RETAIN_SELF = YES;
				CLANG_WARN_OBJC_LITERAL_CONVERSION = YES;
				CLANG_WARN_OBJC_ROOT_CLASS = YES_ERROR;
				CLANG_WARN_QUOTED_INCLUDE_IN_FRAMEWORK_HEADER = YES;
				CLANG_WARN_RANGE_LOOP_ANALYSIS = YES;
				CLANG_WARN_STRICT_PROTOTYPES = YES;
				CLANG_WARN_SUSPICIOUS_MOVE = YES;
				CLANG_WARN_UNGUARDED_AVAILABILITY = YES_AGGRESSIVE;
				CLANG_WARN_UNREACHABLE_CODE = YES;
				CLANG_WARN__DUPLICATE_METHOD_MATCH = YES;
				COPY_PHASE_STRIP = NO;
				DEBUG_INFORMATION_FORMAT = "dwarf-with-dsym";
				ENABLE_NS_ASSERTIONS = NO;
				ENABLE_STRICT_OBJC_MSGSEND = YES;
				ENABLE_USER_SCRIPT_SANDBOXING = YES;
				GCC_C_LANGUAGE_STANDARD = gnu17;
				GCC_NO_COMMON_BLOCKS = YES;
				GCC_WARN_64_TO_32_BIT_CONVERSION = YES;
				GCC_WARN_ABOUT_RETURN_TYPE = YES_ERROR;
				GCC_WARN_UNDECLARED_SELECTOR = YES;
				GCC_WARN_UNINITIALIZED_AUTOS = YES_AGGRESSIVE;
				GCC_WARN_UNUSED_FUNCTION = YES;
				GCC_WARN_UNUSED_VARIABLE = YES;
				IPHONEOS_DEPLOYMENT_TARGET = 16.0;
				LOCALIZATION_PREFERS_STRING_CATALOGS = YES;
				MTL_ENABLE_DEBUG_INFO = NO;
				MTL_FAST_MATH = YES;
				SDKROOT = iphoneos;
				SWIFT_COMPILATION_MODE = wholemodule;
				VALIDATE_PRODUCT = YES;
			};
			name = Release;
		};
		81F10BEE2C5BE7040030631B /* Debug */ = {
			isa = XCBuildConfiguration;
			buildSettings = {
				ASSETCATALOG_COMPILER_APPICON_NAME = AppIcon;
				ASSETCATALOG_COMPILER_GLOBAL_ACCENT_COLOR_NAME = AccentColor;
				ASSETCATALOG_COMPILER_INCLUDE_ALL_APPICON_ASSETS = YES;
				CODE_SIGN_IDENTITY = "Apple Development";
				CODE_SIGN_STYLE = Automatic;
				CURRENT_PROJECT_VERSION = 3;
				DEVELOPMENT_ASSET_PATHS = "\"MeetingApp/Preview Content\"";
				DEVELOPMENT_TEAM = 3X7X6F638L;
				ENABLE_PREVIEWS = YES;
				GENERATE_INFOPLIST_FILE = YES;
				INFOPLIST_FILE = MeetingApp/Info.plist;
				INFOPLIST_KEY_CFBundleDisplayName = "Event Notes";
				INFOPLIST_KEY_LSApplicationCategoryType = "public.app-category.productivity";
				INFOPLIST_KEY_NSCalendarsUsageDescription = "We need access to your calendar to show your events.";
				INFOPLIST_KEY_NSMicrophoneUsageDescription = "We need access to your microphone to use speech-to-text";
				INFOPLIST_KEY_UIApplicationSceneManifest_Generation = YES;
				INFOPLIST_KEY_UIApplicationSupportsIndirectInputEvents = YES;
				INFOPLIST_KEY_UILaunchScreen_Generation = YES;
				INFOPLIST_KEY_UISupportedInterfaceOrientations_iPad = "UIInterfaceOrientationPortrait UIInterfaceOrientationPortraitUpsideDown UIInterfaceOrientationLandscapeLeft UIInterfaceOrientationLandscapeRight";
				INFOPLIST_KEY_UISupportedInterfaceOrientations_iPhone = "UIInterfaceOrientationPortrait UIInterfaceOrientationPortraitUpsideDown";
				LD_RUNPATH_SEARCH_PATHS = (
					"$(inherited)",
					"@executable_path/Frameworks",
				);
				MARKETING_VERSION = 1.0.2;
				PRODUCT_BUNDLE_IDENTIFIER = Prototype.MeetingApp;
				PRODUCT_NAME = "$(TARGET_NAME)";
				PROVISIONING_PROFILE_SPECIFIER = "";
				SWIFT_EMIT_LOC_STRINGS = YES;
				SWIFT_VERSION = 5.0;
				TARGETED_DEVICE_FAMILY = "1,2";
			};
			name = Debug;
		};
		81F10BEF2C5BE7040030631B /* Release */ = {
			isa = XCBuildConfiguration;
			buildSettings = {
				ASSETCATALOG_COMPILER_APPICON_NAME = AppIcon;
				ASSETCATALOG_COMPILER_GLOBAL_ACCENT_COLOR_NAME = AccentColor;
				ASSETCATALOG_COMPILER_INCLUDE_ALL_APPICON_ASSETS = YES;
				CODE_SIGN_IDENTITY = "Apple Development";
				CODE_SIGN_STYLE = Automatic;
				CURRENT_PROJECT_VERSION = 3;
				DEVELOPMENT_ASSET_PATHS = "\"MeetingApp/Preview Content\"";
				DEVELOPMENT_TEAM = 3X7X6F638L;
				ENABLE_PREVIEWS = YES;
				GENERATE_INFOPLIST_FILE = YES;
				INFOPLIST_FILE = MeetingApp/Info.plist;
				INFOPLIST_KEY_CFBundleDisplayName = "Event Notes";
				INFOPLIST_KEY_LSApplicationCategoryType = "public.app-category.productivity";
				INFOPLIST_KEY_NSCalendarsUsageDescription = "We need access to your calendar to show your events.";
				INFOPLIST_KEY_NSMicrophoneUsageDescription = "We need access to your microphone to use speech-to-text";
				INFOPLIST_KEY_UIApplicationSceneManifest_Generation = YES;
				INFOPLIST_KEY_UIApplicationSupportsIndirectInputEvents = YES;
				INFOPLIST_KEY_UILaunchScreen_Generation = YES;
				INFOPLIST_KEY_UISupportedInterfaceOrientations_iPad = "UIInterfaceOrientationPortrait UIInterfaceOrientationPortraitUpsideDown UIInterfaceOrientationLandscapeLeft UIInterfaceOrientationLandscapeRight";
				INFOPLIST_KEY_UISupportedInterfaceOrientations_iPhone = "UIInterfaceOrientationPortrait UIInterfaceOrientationPortraitUpsideDown";
				LD_RUNPATH_SEARCH_PATHS = (
					"$(inherited)",
					"@executable_path/Frameworks",
				);
				MARKETING_VERSION = 1.0.2;
				PRODUCT_BUNDLE_IDENTIFIER = Prototype.MeetingApp;
				PRODUCT_NAME = "$(TARGET_NAME)";
				PROVISIONING_PROFILE_SPECIFIER = "";
				SWIFT_EMIT_LOC_STRINGS = YES;
				SWIFT_VERSION = 5.0;
				TARGETED_DEVICE_FAMILY = "1,2";
			};
			name = Release;
		};
		81F10BF12C5BE7040030631B /* Debug */ = {
			isa = XCBuildConfiguration;
			buildSettings = {
				ALWAYS_EMBED_SWIFT_STANDARD_LIBRARIES = YES;
				BUNDLE_LOADER = "$(TEST_HOST)";
				CODE_SIGN_STYLE = Automatic;
				CURRENT_PROJECT_VERSION = 1;
				DEVELOPMENT_TEAM = 3X7X6F638L;
				GENERATE_INFOPLIST_FILE = YES;
				IPHONEOS_DEPLOYMENT_TARGET = 17.5;
				MARKETING_VERSION = 1.0;
				PRODUCT_BUNDLE_IDENTIFIER = Prototype.MeetingAppTests;
				PRODUCT_NAME = "$(TARGET_NAME)";
				SWIFT_EMIT_LOC_STRINGS = NO;
				SWIFT_VERSION = 5.0;
				TARGETED_DEVICE_FAMILY = "1,2";
				TEST_HOST = "$(BUILT_PRODUCTS_DIR)/MeetingApp.app/$(BUNDLE_EXECUTABLE_FOLDER_PATH)/MeetingApp";
			};
			name = Debug;
		};
		81F10BF22C5BE7040030631B /* Release */ = {
			isa = XCBuildConfiguration;
			buildSettings = {
				ALWAYS_EMBED_SWIFT_STANDARD_LIBRARIES = YES;
				BUNDLE_LOADER = "$(TEST_HOST)";
				"CODE_SIGN_IDENTITY[sdk=macosx*]" = "Apple Development";
				CODE_SIGN_STYLE = Automatic;
				CURRENT_PROJECT_VERSION = 1;
				DEVELOPMENT_TEAM = 3X7X6F638L;
				GENERATE_INFOPLIST_FILE = YES;
				IPHONEOS_DEPLOYMENT_TARGET = 17.5;
				MARKETING_VERSION = 1.0;
				PRODUCT_BUNDLE_IDENTIFIER = Prototype.MeetingAppTests;
				PRODUCT_NAME = "$(TARGET_NAME)";
				SWIFT_EMIT_LOC_STRINGS = NO;
				SWIFT_VERSION = 5.0;
				TARGETED_DEVICE_FAMILY = "1,2";
				TEST_HOST = "$(BUILT_PRODUCTS_DIR)/MeetingApp.app/$(BUNDLE_EXECUTABLE_FOLDER_PATH)/MeetingApp";
			};
			name = Release;
		};
		81F10BF42C5BE7040030631B /* Debug */ = {
			isa = XCBuildConfiguration;
			buildSettings = {
				ALWAYS_EMBED_SWIFT_STANDARD_LIBRARIES = YES;
				CODE_SIGN_STYLE = Automatic;
				CURRENT_PROJECT_VERSION = 1;
				DEVELOPMENT_TEAM = 3X7X6F638L;
				GENERATE_INFOPLIST_FILE = YES;
				IPHONEOS_DEPLOYMENT_TARGET = 16.0;
				MARKETING_VERSION = 1.0;
				PRODUCT_BUNDLE_IDENTIFIER = Prototype.MeetingAppUITests;
				PRODUCT_NAME = "$(TARGET_NAME)";
				SWIFT_EMIT_LOC_STRINGS = NO;
				SWIFT_VERSION = 5.0;
				TARGETED_DEVICE_FAMILY = "1,2";
				TEST_TARGET_NAME = MeetingApp;
			};
			name = Debug;
		};
		81F10BF52C5BE7040030631B /* Release */ = {
			isa = XCBuildConfiguration;
			buildSettings = {
				ALWAYS_EMBED_SWIFT_STANDARD_LIBRARIES = YES;
				CODE_SIGN_STYLE = Automatic;
				CURRENT_PROJECT_VERSION = 1;
				DEVELOPMENT_TEAM = 3X7X6F638L;
				GENERATE_INFOPLIST_FILE = YES;
				IPHONEOS_DEPLOYMENT_TARGET = 16.0;
				MARKETING_VERSION = 1.0;
				PRODUCT_BUNDLE_IDENTIFIER = Prototype.MeetingAppUITests;
				PRODUCT_NAME = "$(TARGET_NAME)";
				SWIFT_EMIT_LOC_STRINGS = NO;
				SWIFT_VERSION = 5.0;
				TARGETED_DEVICE_FAMILY = "1,2";
				TEST_TARGET_NAME = MeetingApp;
			};
			name = Release;
		};
/* End XCBuildConfiguration section */

/* Begin XCConfigurationList section */
		81F10BC42C5BE7020030631B /* Build configuration list for PBXProject "MeetingApp" */ = {
			isa = XCConfigurationList;
			buildConfigurations = (
				81F10BEB2C5BE7040030631B /* Debug */,
				81F10BEC2C5BE7040030631B /* Release */,
			);
			defaultConfigurationIsVisible = 0;
			defaultConfigurationName = Release;
		};
		81F10BED2C5BE7040030631B /* Build configuration list for PBXNativeTarget "MeetingApp" */ = {
			isa = XCConfigurationList;
			buildConfigurations = (
				81F10BEE2C5BE7040030631B /* Debug */,
				81F10BEF2C5BE7040030631B /* Release */,
			);
			defaultConfigurationIsVisible = 0;
			defaultConfigurationName = Release;
		};
		81F10BF02C5BE7040030631B /* Build configuration list for PBXNativeTarget "MeetingAppTests" */ = {
			isa = XCConfigurationList;
			buildConfigurations = (
				81F10BF12C5BE7040030631B /* Debug */,
				81F10BF22C5BE7040030631B /* Release */,
			);
			defaultConfigurationIsVisible = 0;
			defaultConfigurationName = Release;
		};
		81F10BF32C5BE7040030631B /* Build configuration list for PBXNativeTarget "MeetingAppUITests" */ = {
			isa = XCConfigurationList;
			buildConfigurations = (
				81F10BF42C5BE7040030631B /* Debug */,
				81F10BF52C5BE7040030631B /* Release */,
			);
			defaultConfigurationIsVisible = 0;
			defaultConfigurationName = Release;
		};
/* End XCConfigurationList section */
	};
	rootObject = 81F10BC12C5BE7020030631B /* Project object */;
}
